
Microsoft Visual Studio Solution File, Format Version 12.00
# Visual Studio Version 17
VisualStudioVersion = 17.5.33530.505
MinimumVisualStudioVersion = 10.0.40219.1
Project("{8BC9CEB8-8B4A-11D0-8D11-00A0C91BC942}") = "15.09.23 HW", "15.09.23 HW\15.09.23 HW.vcxproj", "{41511552-7393-45F5-9513-60FD5F055685}"
EndProject
Global
	GlobalSection(SolutionConfigurationPlatforms) = preSolution
		Debug|x64 = Debug|x64
		Debug|x86 = Debug|x86
		Release|x64 = Release|x64
		Release|x86 = Release|x86
	EndGlobalSection
	GlobalSection(ProjectConfigurationPlatforms) = postSolution
		{41511552-7393-45F5-9513-60FD5F055685}.Debug|x64.ActiveCfg = Debug|x64
		{41511552-7393-45F5-9513-60FD5F055685}.Debug|x64.Build.0 = Debug|x64
		{41511552-7393-45F5-9513-60FD5F055685}.Debug|x86.ActiveCfg = Debug|Win32
		{41511552-7393-45F5-9513-60FD5F055685}.Debug|x86.Build.0 = Debug|Win32
		{41511552-7393-45F5-9513-60FD5F055685}.Release|x64.ActiveCfg = Release|x64
		{41511552-7393-45F5-9513-60FD5F055685}.Release|x64.Build.0 = Release|x64
		{41511552-7393-45F5-9513-60FD5F055685}.Release|x86.ActiveCfg = Release|Win32
		{41511552-7393-45F5-9513-60FD5F055685}.Release|x86.Build.0 = Release|Win32
	EndGlobalSection
	GlobalSection(SolutionProperties) = preSolution
		HideSolutionNode = FALSE
	EndGlobalSection
	GlobalSection(ExtensibilityGlobals) = postSolution
		SolutionGuid = {556281C3-34C8-4853-A42D-B8249BFEB5B9}
	EndGlobalSection
EndGlobal
